// !$*UTF8*$!
{
	archiveVersion = 1;
	classes = {
	};
	objectVersion = 55;
	objects = {

/* Begin PBXBuildFile section */
		CEC9514728116E4000C4FD78 /* AppDelegate.swift in Sources */ = {isa = PBXBuildFile; fileRef = CEC9514628116E4000C4FD78 /* AppDelegate.swift */; };
		CEC9514928116E4000C4FD78 /* SceneDelegate.swift in Sources */ = {isa = PBXBuildFile; fileRef = CEC9514828116E4000C4FD78 /* SceneDelegate.swift */; };
		CEC9514B28116E4000C4FD78 /* ViewController.swift in Sources */ = {isa = PBXBuildFile; fileRef = CEC9514A28116E4000C4FD78 /* ViewController.swift */; };
		CEC9514E28116E4000C4FD78 /* Main.storyboard in Resources */ = {isa = PBXBuildFile; fileRef = CEC9514C28116E4000C4FD78 /* Main.storyboard */; };
		CEC9515028116E4300C4FD78 /* Assets.xcassets in Resources */ = {isa = PBXBuildFile; fileRef = CEC9514F28116E4300C4FD78 /* Assets.xcassets */; };
		CEC9515328116E4300C4FD78 /* LaunchScreen.storyboard in Resources */ = {isa = PBXBuildFile; fileRef = CEC9515128116E4300C4FD78 /* LaunchScreen.storyboard */; };
		CEC9515B2811B39800C4FD78 /* PostModel.swift in Sources */ = {isa = PBXBuildFile; fileRef = CEC9515A2811B39700C4FD78 /* PostModel.swift */; };
/* End PBXBuildFile section */

/* Begin PBXFileReference section */
		CEC9514328116E4000C4FD78 /* JSONApril2022.app */ = {isa = PBXFileReference; explicitFileType = wrapper.application; includeInIndex = 0; path = JSONApril2022.app; sourceTree = BUILT_PRODUCTS_DIR; };
		CEC9514628116E4000C4FD78 /* AppDelegate.swift */ = {isa = PBXFileReference; lastKnownFileType = sourcecode.swift; path = AppDelegate.swift; sourceTree = "<group>"; };
		CEC9514828116E4000C4FD78 /* SceneDelegate.swift */ = {isa = PBXFileReference; lastKnownFileType = sourcecode.swift; path = SceneDelegate.swift; sourceTree = "<group>"; };
		CEC9514A28116E4000C4FD78 /* ViewController.swift */ = {isa = PBXFileReference; lastKnownFileType = sourcecode.swift; path = ViewController.swift; sourceTree = "<group>"; };
		CEC9514D28116E4000C4FD78 /* Base */ = {isa = PBXFileReference; lastKnownFileType = file.storyboard; name = Base; path = Base.lproj/Main.storyboard; sourceTree = "<group>"; };
		CEC9514F28116E4300C4FD78 /* Assets.xcassets */ = {isa = PBXFileReference; lastKnownFileType = folder.assetcatalog; path = Assets.xcassets; sourceTree = "<group>"; };
		CEC9515228116E4300C4FD78 /* Base */ = {isa = PBXFileReference; lastKnownFileType = file.storyboard; name = Base; path = Base.lproj/LaunchScreen.storyboard; sourceTree = "<group>"; };
		CEC9515428116E4300C4FD78 /* Info.plist */ = {isa = PBXFileReference; lastKnownFileType = text.plist.xml; path = Info.plist; sourceTree = "<group>"; };
		CEC9515A2811B39700C4FD78 /* PostModel.swift */ = {isa = PBXFileReference; lastKnownFileType = sourcecode.swift; path = PostModel.swift; sourceTree = "<group>"; };
/* End PBXFileReference section */

/* Begin PBXFrameworksBuildPhase section */
		CEC9514028116E4000C4FD78 /* Frameworks */ = {
			isa = PBXFrameworksBuildPhase;
			buildActionMask = 2147483647;
			files = (
			);
			runOnlyForDeploymentPostprocessing = 0;
		};
/* End PBXFrameworksBuildPhase section */

/* Begin PBXGroup section */
		CEC9513A28116E3F00C4FD78 = {
			isa = PBXGroup;
			children = (
				CEC9514528116E4000C4FD78 /* JSONApril2022 */,
				CEC9514428116E4000C4FD78 /* Products */,
			);
			sourceTree = "<group>";
		};
		CEC9514428116E4000C4FD78 /* Products */ = {
			isa = PBXGroup;
			children = (
				CEC9514328116E4000C4FD78 /* JSONApril2022.app */,
			);
			name = Products;
			sourceTree = "<group>";
		};
		CEC9514528116E4000C4FD78 /* JSONApril2022 */ = {
			isa = PBXGroup;
			children = (
				CEC9514628116E4000C4FD78 /* AppDelegate.swift */,
				CEC9514828116E4000C4FD78 /* SceneDelegate.swift */,
				CEC9515F2811EC6D00C4FD78 /* Controller */,
				CEC951602811EC7F00C4FD78 /* Model */,
				CEC9515E2811EC5E00C4FD78 /* View */,
				CEC9514F28116E4300C4FD78 /* Assets.xcassets */,
				CEC9515128116E4300C4FD78 /* LaunchScreen.storyboard */,
				CEC9515428116E4300C4FD78 /* Info.plist */,
			);
			path = JSONApril2022;
			sourceTree = "<group>";
		};
		CEC9515E2811EC5E00C4FD78 /* View */ = {
			isa = PBXGroup;
			children = (
				CEC9514C28116E4000C4FD78 /* Main.storyboard */,
			);
			path = View;
			sourceTree = "<group>";
		};
		CEC9515F2811EC6D00C4FD78 /* Controller */ = {
			isa = PBXGroup;
			children = (
				CEC9514A28116E4000C4FD78 /* ViewController.swift */,
			);
			path = Controller;
			sourceTree = "<group>";
		};
		CEC951602811EC7F00C4FD78 /* Model */ = {
			isa = PBXGroup;
			children = (
				CEC9515A2811B39700C4FD78 /* PostModel.swift */,
			);
			path = Model;
			sourceTree = "<group>";
		};
/* End PBXGroup section */

/* Begin PBXNativeTarget section */
		CEC9514228116E4000C4FD78 /* JSONApril2022 */ = {
			isa = PBXNativeTarget;
			buildConfigurationList = CEC9515728116E4300C4FD78 /* Build configuration list for PBXNativeTarget "JSONApril2022" */;
			buildPhases = (
				CEC9513F28116E4000C4FD78 /* Sources */,
				CEC9514028116E4000C4FD78 /* Frameworks */,
				CEC9514128116E4000C4FD78 /* Resources */,
			);
			buildRules = (
			);
			dependencies = (
			);
			name = JSONApril2022;
			productName = JSONApril2022;
			productReference = CEC9514328116E4000C4FD78 /* JSONApril2022.app */;
			productType = "com.apple.product-type.application";
		};
/* End PBXNativeTarget section */

/* Begin PBXProject section */
		CEC9513B28116E3F00C4FD78 /* Project object */ = {
			isa = PBXProject;
			attributes = {
				BuildIndependentTargetsInParallel = 1;
				LastSwiftUpdateCheck = 1320;
				LastUpgradeCheck = 1320;
				TargetAttributes = {
					CEC9514228116E4000C4FD78 = {
						CreatedOnToolsVersion = 13.2.1;
					};
				};
			};
			buildConfigurationList = CEC9513E28116E3F00C4FD78 /* Build configuration list for PBXProject "JSONApril2022" */;
			compatibilityVersion = "Xcode 13.0";
			developmentRegion = en;
			hasScannedForEncodings = 0;
			knownRegions = (
				en,
				Base,
			);
			mainGroup = CEC9513A28116E3F00C4FD78;
			productRefGroup = CEC9514428116E4000C4FD78 /* Products */;
			projectDirPath = "";
			projectRoot = "";
			targets = (
				CEC9514228116E4000C4FD78 /* JSONApril2022 */,
			);
		};
/* End PBXProject section */

/* Begin PBXResourcesBuildPhase section */
		CEC9514128116E4000C4FD78 /* Resources */ = {
			isa = PBXResourcesBuildPhase;
			buildActionMask = 2147483647;
			files = (
				CEC9515328116E4300C4FD78 /* LaunchScreen.storyboard in Resources */,
				CEC9515028116E4300C4FD78 /* Assets.xcassets in Resources */,
				CEC9514E28116E4000C4FD78 /* Main.storyboard in Resources */,
			);
			runOnlyForDeploymentPostprocessing = 0;
		};
/* End PBXResourcesBuildPhase section */

/* Begin PBXSourcesBuildPhase section */
		CEC9513F28116E4000C4FD78 /* Sources */ = {
			isa = PBXSourcesBuildPhase;
			buildActionMask = 2147483647;
			files = (
				CEC9514B28116E4000C4FD78 /* ViewController.swift in Sources */,
				CEC9515B2811B39800C4FD78 /* PostModel.swift in Sources */,
				CEC9514728116E4000C4FD78 /* AppDelegate.swift in Sources */,
				CEC9514928116E4000C4FD78 /* SceneDelegate.swift in Sources */,
			);
			runOnlyForDeploymentPostprocessing = 0;
		};
/* End PBXSourcesBuildPhase section */

/* Begin PBXVariantGroup section */
		CEC9514C28116E4000C4FD78 /* Main.storyboard */ = {
			isa = PBXVariantGroup;
			children = (
				CEC9514D28116E4000C4FD78 /* Base */,
			);
			name = Main.storyboard;
			sourceTree = "<group>";
		};
		CEC9515128116E4300C4FD78 /* LaunchScreen.storyboard */ = {
			isa = PBXVariantGroup;
			children = (
				CEC9515228116E4300C4FD78 /* Base */,
			);
			name = LaunchScreen.storyboard;
			sourceTree = "<group>";
		};
/* End PBXVariantGroup section */

/* Begin XCBuildConfiguration section */
		CEC9515528116E4300C4FD78 /* Debug */ = {
			isa = XCBuildConfiguration;
			buildSettings = {
				ALWAYS_SEARCH_USER_PATHS = NO;
				CLANG_ANALYZER_NONNULL = YES;
				CLANG_ANALYZER_NUMBER_OBJECT_CONVERSION = YES_AGGRESSIVE;
				CLANG_CXX_LANGUAGE_STANDARD = "gnu++17";
				CLANG_CXX_LIBRARY = "libc++";
				CLANG_ENABLE_MODULES = YES;
				CLANG_ENABLE_OBJC_ARC = YES;
				CLANG_ENABLE_OBJC_WEAK = YES;
				CLANG_WARN_BLOCK_CAPTURE_AUTORELEASING = YES;
				CLANG_WARN_BOOL_CONVERSION = YES;
				CLANG_WARN_COMMA = YES;
				CLANG_WARN_CONSTANT_CONVERSION = YES;
				CLANG_WARN_DEPRECATED_OBJC_IMPLEMENTATIONS = YES;
				CLANG_WARN_DIRECT_OBJC_ISA_USAGE = YES_ERROR;
				CLANG_WARN_DOCUMENTATION_COMMENTS = YES;
				CLANG_WARN_EMPTY_BODY = YES;
				CLANG_WARN_ENUM_CONVERSION = YES;
				CLANG_WARN_INFINITE_RECURSION = YES;
				CLANG_WARN_INT_CONVERSION = YES;
				CLANG_WARN_NON_LITERAL_NULL_CONVERSION = YES;
				CLANG_WARN_OBJC_IMPLICIT_RETAIN_SELF = YES;
				CLANG_WARN_OBJC_LITERAL_CONVERSION = YES;
				CLANG_WARN_OBJC_ROOT_CLASS = YES_ERROR;
				CLANG_WARN_QUOTED_INCLUDE_IN_FRAMEWORK_HEADER = YES;
				CLANG_WARN_RANGE_LOOP_ANALYSIS = YES;
				CLANG_WARN_STRICT_PROTOTYPES = YES;
				CLANG_WARN_SUSPICIOUS_MOVE = YES;
				CLANG_WARN_UNGUARDED_AVAILABILITY = YES_AGGRESSIVE;
				CLANG_WARN_UNREACHABLE_CODE = YES;
				CLANG_WARN__DUPLICATE_METHOD_MATCH = YES;
				COPY_PHASE_STRIP = NO;
				DEBUG_INFORMATION_FORMAT = dwarf;
				ENABLE_STRICT_OBJC_MSGSEND = YES;
				ENABLE_TESTABILITY = YES;
				GCC_C_LANGUAGE_STANDARD = gnu11;
				GCC_DYNAMIC_NO_PIC = NO;
				GCC_NO_COMMON_BLOCKS = YES;
				GCC_OPTIMIZATION_LEVEL = 0;
				GCC_PREPROCESSOR_DEFINITIONS = (
					"DEBUG=1",
					"$(inherited)",
				);
				GCC_WARN_64_TO_32_BIT_CONVERSION = YES;
				GCC_WARN_ABOUT_RETURN_TYPE = YES_ERROR;
				GCC_WARN_UNDECLARED_SELECTOR = YES;
				GCC_WARN_UNINITIALIZED_AUTOS = YES_AGGRESSIVE;
				GCC_WARN_UNUSED_FUNCTION = YES;
				GCC_WARN_UNUSED_VARIABLE = YES;
				IPHONEOS_DEPLOYMENT_TARGET = 15.2;
				MTL_ENABLE_DEBUG_INFO = INCLUDE_SOURCE;
				MTL_FAST_MATH = YES;
				ONLY_ACTIVE_ARCH = YES;
				SDKROOT = iphoneos;
				SWIFT_ACTIVE_COMPILATION_CONDITIONS = DEBUG;
				SWIFT_OPTIMIZATION_LEVEL = "-Onone";
			};
			name = Debug;
		};
		CEC9515628116E4300C4FD78 /* Release */ = {
			isa = XCBuildConfiguration;
			buildSettings = {
				ALWAYS_SEARCH_USER_PATHS = NO;
				CLANG_ANALYZER_NONNULL = YES;
				CLANG_ANALYZER_NUMBER_OBJECT_CONVERSION = YES_AGGRESSIVE;
				CLANG_CXX_LANGUAGE_STANDARD = "gnu++17";
				CLANG_CXX_LIBRARY = "libc++";
				CLANG_ENABLE_MODULES = YES;
				CLANG_ENABLE_OBJC_ARC = YES;
				CLANG_ENABLE_OBJC_WEAK = YES;
				CLANG_WARN_BLOCK_CAPTURE_AUTORELEASING = YES;
				CLANG_WARN_BOOL_CONVERSION = YES;
				CLANG_WARN_COMMA = YES;
				CLANG_WARN_CONSTANT_CONVERSION = YES;
				CLANG_WARN_DEPRECATED_OBJC_IMPLEMENTATIONS = YES;
				CLANG_WARN_DIRECT_OBJC_ISA_USAGE = YES_ERROR;
				CLANG_WARN_DOCUMENTATION_COMMENTS = YES;
				CLANG_WARN_EMPTY_BODY = YES;
				CLANG_WARN_ENUM_CONVERSION = YES;
				CLANG_WARN_INFINITE_RECURSION = YES;
				CLANG_WARN_INT_CONVERSION = YES;
				CLANG_WARN_NON_LITERAL_NULL_CONVERSION = YES;
				CLANG_WARN_OBJC_IMPLICIT_RETAIN_SELF = YES;
				CLANG_WARN_OBJC_LITERAL_CONVERSION = YES;
				CLANG_WARN_OBJC_ROOT_CLASS = YES_ERROR;
				CLANG_WARN_QUOTED_INCLUDE_IN_FRAMEWORK_HEADER = YES;
				CLANG_WARN_RANGE_LOOP_ANALYSIS = YES;
				CLANG_WARN_STRICT_PROTOTYPES = YES;
				CLANG_WARN_SUSPICIOUS_MOVE = YES;
				CLANG_WARN_UNGUARDED_AVAILABILITY = YES_AGGRESSIVE;
				CLANG_WARN_UNREACHABLE_CODE = YES;
				CLANG_WARN__DUPLICATE_METHOD_MATCH = YES;
				COPY_PHASE_STRIP = NO;
				DEBUG_INFORMATION_FORMAT = "dwarf-with-dsym";
				ENABLE_NS_ASSERTIONS = NO;
				ENABLE_STRICT_OBJC_MSGSEND = YES;
				GCC_C_LANGUAGE_STANDARD = gnu11;
				GCC_NO_COMMON_BLOCKS = YES;
				GCC_WARN_64_TO_32_BIT_CONVERSION = YES;
				GCC_WARN_ABOUT_RETURN_TYPE = YES_ERROR;
				GCC_WARN_UNDECLARED_SELECTOR = YES;
				GCC_WARN_UNINITIALIZED_AUTOS = YES_AGGRESSIVE;
				GCC_WARN_UNUSED_FUNCTION = YES;
				GCC_WARN_UNUSED_VARIABLE = YES;
				IPHONEOS_DEPLOYMENT_TARGET = 15.2;
				MTL_ENABLE_DEBUG_INFO = NO;
				MTL_FAST_MATH = YES;
				SDKROOT = iphoneos;
				SWIFT_COMPILATION_MODE = wholemodule;
				SWIFT_OPTIMIZATION_LEVEL = "-O";
				VALIDATE_PRODUCT = YES;
			};
			name = Release;
		};
		CEC9515828116E4300C4FD78 /* Debug */ = {
			isa = XCBuildConfiguration;
			buildSettings = {
				ASSETCATALOG_COMPILER_APPICON_NAME = AppIcon;
				ASSETCATALOG_COMPILER_GLOBAL_ACCENT_COLOR_NAME = AccentColor;
				CODE_SIGN_STYLE = Automatic;
				CURRENT_PROJECT_VERSION = 1;
				DEVELOPMENT_TEAM = 2S7X7LWBR9;
				GENERATE_INFOPLIST_FILE = YES;
				INFOPLIST_FILE = JSONApril2022/Info.plist;
				INFOPLIST_KEY_UIApplicationSupportsIndirectInputEvents = YES;
				INFOPLIST_KEY_UILaunchStoryboardName = LaunchScreen;
				INFOPLIST_KEY_UIMainStoryboardFile = Main;
				INFOPLIST_KEY_UISupportedInterfaceOrientations_iPad = "UIInterfaceOrientationPortrait UIInterfaceOrientationPortraitUpsideDown UIInterfaceOrientationLandscapeLeft UIInterfaceOrientationLandscapeRight";
				INFOPLIST_KEY_UISupportedInterfaceOrientations_iPhone = "UIInterfaceOrientationPortrait UIInterfaceOrientationLandscapeLeft UIInterfaceOrientationLandscapeRight";
				LD_RUNPATH_SEARCH_PATHS = (
					"$(inherited)",
					"@executable_path/Frameworks",
				);
				MARKETING_VERSION = 1.0;
				PRODUCT_BUNDLE_IDENTIFIER = com.ulyanov.JSONApril2022;
				PRODUCT_NAME = "$(TARGET_NAME)";
				SWIFT_EMIT_LOC_STRINGS = YES;
				SWIFT_VERSION = 5.0;
				TARGETED_DEVICE_FAMILY = "1,2";
			};
			name = Debug;
		};
		CEC9515928116E4300C4FD78 /* Release */ = {
			isa = XCBuildConfiguration;
			buildSettings = {
				ASSETCATALOG_COMPILER_APPICON_NAME = AppIcon;
				ASSETCATALOG_COMPILER_GLOBAL_ACCENT_COLOR_NAME = AccentColor;
				CODE_SIGN_STYLE = Automatic;
				CURRENT_PROJECT_VERSION = 1;
				DEVELOPMENT_TEAM = 2S7X7LWBR9;
				GENERATE_INFOPLIST_FILE = YES;
				INFOPLIST_FILE = JSONApril2022/Info.plist;
				INFOPLIST_KEY_UIApplicationSupportsIndirectInputEvents = YES;
				INFOPLIST_KEY_UILaunchStoryboardName = LaunchScreen;
				INFOPLIST_KEY_UIMainStoryboardFile = Main;
				INFOPLIST_KEY_UISupportedInterfaceOrientations_iPad = "UIInterfaceOrientationPortrait UIInterfaceOrientationPortraitUpsideDown UIInterfaceOrientationLandscapeLeft UIInterfaceOrientationLandscapeRight";
				INFOPLIST_KEY_UISupportedInterfaceOrientations_iPhone = "UIInterfaceOrientationPortrait UIInterfaceOrientationLandscapeLeft UIInterfaceOrientationLandscapeRight";
				LD_RUNPATH_SEARCH_PATHS = (
					"$(inherited)",
					"@executable_path/Frameworks",
				);
				MARKETING_VERSION = 1.0;
				PRODUCT_BUNDLE_IDENTIFIER = com.ulyanov.JSONApril2022;
				PRODUCT_NAME = "$(TARGET_NAME)";
				SWIFT_EMIT_LOC_STRINGS = YES;
				SWIFT_VERSION = 5.0;
				TARGETED_DEVICE_FAMILY = "1,2";
			};
			name = Release;
		};
/* End XCBuildConfiguration section */

/* Begin XCConfigurationList section */
		CEC9513E28116E3F00C4FD78 /* Build configuration list for PBXProject "JSONApril2022" */ = {
			isa = XCConfigurationList;
			buildConfigurations = (
				CEC9515528116E4300C4FD78 /* Debug */,
				CEC9515628116E4300C4FD78 /* Release */,
			);
			defaultConfigurationIsVisible = 0;
			defaultConfigurationName = Release;
		};
		CEC9515728116E4300C4FD78 /* Build configuration list for PBXNativeTarget "JSONApril2022" */ = {
			isa = XCConfigurationList;
			buildConfigurations = (
				CEC9515828116E4300C4FD78 /* Debug */,
				CEC9515928116E4300C4FD78 /* Release */,
			);
			defaultConfigurationIsVisible = 0;
			defaultConfigurationName = Release;
		};
/* End XCConfigurationList section */
	};
	rootObject = CEC9513B28116E3F00C4FD78 /* Project object */;
}
